// !$*UTF8*$!
{
	archiveVersion = 1;
	classes = {
	};
	objectVersion = 55;
	objects = {

/* Begin PBXBuildFile section */
		05EF8CD828DBC1F300BF45B0 /* AppDelegate.swift in Sources */ = {isa = PBXBuildFile; fileRef = 05EF8CD728DBC1F300BF45B0 /* AppDelegate.swift */; };
		05EF8CDA28DBC1F300BF45B0 /* SceneDelegate.swift in Sources */ = {isa = PBXBuildFile; fileRef = 05EF8CD928DBC1F300BF45B0 /* SceneDelegate.swift */; };
		05EF8CE128DBC1F400BF45B0 /* Assets.xcassets in Resources */ = {isa = PBXBuildFile; fileRef = 05EF8CE028DBC1F400BF45B0 /* Assets.xcassets */; };
		05EF8CE428DBC1F400BF45B0 /* LaunchScreen.storyboard in Resources */ = {isa = PBXBuildFile; fileRef = 05EF8CE228DBC1F400BF45B0 /* LaunchScreen.storyboard */; };
		05EF8D0C28DBC42D00BF45B0 /* ComicDetailsViewController.swift in Sources */ = {isa = PBXBuildFile; fileRef = 05EF8D0B28DBC42D00BF45B0 /* ComicDetailsViewController.swift */; };
		05EF8D0F28DBC4EC00BF45B0 /* NetworkingManager.swift in Sources */ = {isa = PBXBuildFile; fileRef = 05EF8D0E28DBC4EC00BF45B0 /* NetworkingManager.swift */; };
		05EF8D1228DBCD7900BF45B0 /* Extension+String.swift in Sources */ = {isa = PBXBuildFile; fileRef = 05EF8D1128DBCD7900BF45B0 /* Extension+String.swift */; };
		05EF8D1B28DBD0FE00BF45B0 /* ComicsContainer.swift in Sources */ = {isa = PBXBuildFile; fileRef = 05EF8D1A28DBD0FE00BF45B0 /* ComicsContainer.swift */; };
		05EF8D1E28DCBF1D00BF45B0 /* Symbols.swift in Sources */ = {isa = PBXBuildFile; fileRef = 05EF8D1D28DCBF1D00BF45B0 /* Symbols.swift */; };
		05EF8D2028DCC5D000BF45B0 /* ComicDetailsViewModel.swift in Sources */ = {isa = PBXBuildFile; fileRef = 05EF8D1F28DCC5D000BF45B0 /* ComicDetailsViewModel.swift */; };
		05EF8D2228DCCD1C00BF45B0 /* Extension+UIViewController.swift in Sources */ = {isa = PBXBuildFile; fileRef = 05EF8D2128DCCD1C00BF45B0 /* Extension+UIViewController.swift */; };
		05EF8D2A28DCD2FA00BF45B0 /* ComicDetailsViewModelSuccessTests.swift in Sources */ = {isa = PBXBuildFile; fileRef = 05EF8D2928DCD2FA00BF45B0 /* ComicDetailsViewModelSuccessTests.swift */; };
		05EF8D2E28DCDEE200BF45B0 /* ComicDetailsSuccessUITests.swift in Sources */ = {isa = PBXBuildFile; fileRef = 05EF8D2D28DCDEE200BF45B0 /* ComicDetailsSuccessUITests.swift */; };
		05EF8D6D28DE55CE00BF45B0 /* UITestingHelper.swift in Sources */ = {isa = PBXBuildFile; fileRef = 05EF8D6C28DE55CE00BF45B0 /* UITestingHelper.swift */; };
		05EF8D6E28DE56F300BF45B0 /* NetworkingManagerComicSuccessMock.swift in Sources */ = {isa = PBXBuildFile; fileRef = 05EF8D2528DCCF9400BF45B0 /* NetworkingManagerComicSuccessMock.swift */; };
		05EF8D7228DE6C6B00BF45B0 /* ImageLoaderManager.swift in Sources */ = {isa = PBXBuildFile; fileRef = 05EF8D7128DE6C6B00BF45B0 /* ImageLoaderManager.swift */; };
/* End PBXBuildFile section */

/* Begin PBXContainerItemProxy section */
		05EF8CEB28DBC1F400BF45B0 /* PBXContainerItemProxy */ = {
			isa = PBXContainerItemProxy;
			containerPortal = 05EF8CCC28DBC1F300BF45B0 /* Project object */;
			proxyType = 1;
			remoteGlobalIDString = 05EF8CD328DBC1F300BF45B0;
			remoteInfo = DisneyTakeHomeProject;
		};
		05EF8CF528DBC1F400BF45B0 /* PBXContainerItemProxy */ = {
			isa = PBXContainerItemProxy;
			containerPortal = 05EF8CCC28DBC1F300BF45B0 /* Project object */;
			proxyType = 1;
			remoteGlobalIDString = 05EF8CD328DBC1F300BF45B0;
			remoteInfo = DisneyTakeHomeProject;
		};
/* End PBXContainerItemProxy section */

/* Begin PBXFileReference section */
		05EF8CD428DBC1F300BF45B0 /* DisneyTakeHomeProject.app */ = {isa = PBXFileReference; explicitFileType = wrapper.application; includeInIndex = 0; path = DisneyTakeHomeProject.app; sourceTree = BUILT_PRODUCTS_DIR; };
		05EF8CD728DBC1F300BF45B0 /* AppDelegate.swift */ = {isa = PBXFileReference; lastKnownFileType = sourcecode.swift; path = AppDelegate.swift; sourceTree = "<group>"; };
		05EF8CD928DBC1F300BF45B0 /* SceneDelegate.swift */ = {isa = PBXFileReference; lastKnownFileType = sourcecode.swift; path = SceneDelegate.swift; sourceTree = "<group>"; };
		05EF8CE028DBC1F400BF45B0 /* Assets.xcassets */ = {isa = PBXFileReference; lastKnownFileType = folder.assetcatalog; path = Assets.xcassets; sourceTree = "<group>"; };
		05EF8CE328DBC1F400BF45B0 /* Base */ = {isa = PBXFileReference; lastKnownFileType = file.storyboard; name = Base; path = Base.lproj/LaunchScreen.storyboard; sourceTree = "<group>"; };
		05EF8CE528DBC1F400BF45B0 /* Info.plist */ = {isa = PBXFileReference; lastKnownFileType = text.plist.xml; path = Info.plist; sourceTree = "<group>"; };
		05EF8CEA28DBC1F400BF45B0 /* DisneyTakeHomeProjectTests.xctest */ = {isa = PBXFileReference; explicitFileType = wrapper.cfbundle; includeInIndex = 0; path = DisneyTakeHomeProjectTests.xctest; sourceTree = BUILT_PRODUCTS_DIR; };
		05EF8CF428DBC1F400BF45B0 /* DisneyTakeHomeProjectUITests.xctest */ = {isa = PBXFileReference; explicitFileType = wrapper.cfbundle; includeInIndex = 0; path = DisneyTakeHomeProjectUITests.xctest; sourceTree = BUILT_PRODUCTS_DIR; };
		05EF8D0B28DBC42D00BF45B0 /* ComicDetailsViewController.swift */ = {isa = PBXFileReference; lastKnownFileType = sourcecode.swift; path = ComicDetailsViewController.swift; sourceTree = "<group>"; };
		05EF8D0E28DBC4EC00BF45B0 /* NetworkingManager.swift */ = {isa = PBXFileReference; lastKnownFileType = sourcecode.swift; path = NetworkingManager.swift; sourceTree = "<group>"; };
		05EF8D1128DBCD7900BF45B0 /* Extension+String.swift */ = {isa = PBXFileReference; lastKnownFileType = sourcecode.swift; path = "Extension+String.swift"; sourceTree = "<group>"; };
		05EF8D1A28DBD0FE00BF45B0 /* ComicsContainer.swift */ = {isa = PBXFileReference; lastKnownFileType = sourcecode.swift; path = ComicsContainer.swift; sourceTree = "<group>"; };
		05EF8D1D28DCBF1D00BF45B0 /* Symbols.swift */ = {isa = PBXFileReference; lastKnownFileType = sourcecode.swift; path = Symbols.swift; sourceTree = "<group>"; };
		05EF8D1F28DCC5D000BF45B0 /* ComicDetailsViewModel.swift */ = {isa = PBXFileReference; lastKnownFileType = sourcecode.swift; path = ComicDetailsViewModel.swift; sourceTree = "<group>"; };
		05EF8D2128DCCD1C00BF45B0 /* Extension+UIViewController.swift */ = {isa = PBXFileReference; lastKnownFileType = sourcecode.swift; path = "Extension+UIViewController.swift"; sourceTree = "<group>"; };
		05EF8D2528DCCF9400BF45B0 /* NetworkingManagerComicSuccessMock.swift */ = {isa = PBXFileReference; lastKnownFileType = sourcecode.swift; path = NetworkingManagerComicSuccessMock.swift; sourceTree = "<group>"; };
		05EF8D2928DCD2FA00BF45B0 /* ComicDetailsViewModelSuccessTests.swift */ = {isa = PBXFileReference; lastKnownFileType = sourcecode.swift; path = ComicDetailsViewModelSuccessTests.swift; sourceTree = "<group>"; };
		05EF8D2D28DCDEE200BF45B0 /* ComicDetailsSuccessUITests.swift */ = {isa = PBXFileReference; lastKnownFileType = sourcecode.swift; path = ComicDetailsSuccessUITests.swift; sourceTree = "<group>"; };
		05EF8D6C28DE55CE00BF45B0 /* UITestingHelper.swift */ = {isa = PBXFileReference; lastKnownFileType = sourcecode.swift; path = UITestingHelper.swift; sourceTree = "<group>"; };
		05EF8D7128DE6C6B00BF45B0 /* ImageLoaderManager.swift */ = {isa = PBXFileReference; lastKnownFileType = sourcecode.swift; path = ImageLoaderManager.swift; sourceTree = "<group>"; };
		05EF8D7328DE701700BF45B0 /* README.md */ = {isa = PBXFileReference; lastKnownFileType = net.daringfireball.markdown; path = README.md; sourceTree = "<group>"; };
/* End PBXFileReference section */

/* Begin PBXFrameworksBuildPhase section */
		05EF8CD128DBC1F300BF45B0 /* Frameworks */ = {
			isa = PBXFrameworksBuildPhase;
			buildActionMask = 2147483647;
			files = (
			);
			runOnlyForDeploymentPostprocessing = 0;
		};
		05EF8CE728DBC1F400BF45B0 /* Frameworks */ = {
			isa = PBXFrameworksBuildPhase;
			buildActionMask = 2147483647;
			files = (
			);
			runOnlyForDeploymentPostprocessing = 0;
		};
		05EF8CF128DBC1F400BF45B0 /* Frameworks */ = {
			isa = PBXFrameworksBuildPhase;
			buildActionMask = 2147483647;
			files = (
			);
			runOnlyForDeploymentPostprocessing = 0;
		};
/* End PBXFrameworksBuildPhase section */

/* Begin PBXGroup section */
		05EF8CCB28DBC1F300BF45B0 = {
			isa = PBXGroup;
			children = (
				05EF8D7328DE701700BF45B0 /* README.md */,
				05EF8CD628DBC1F300BF45B0 /* DisneyTakeHomeProject */,
				05EF8CED28DBC1F400BF45B0 /* DisneyTakeHomeProjectTests */,
				05EF8CF728DBC1F400BF45B0 /* DisneyTakeHomeProjectUITests */,
				05EF8CD528DBC1F300BF45B0 /* Products */,
			);
			sourceTree = "<group>";
		};
		05EF8CD528DBC1F300BF45B0 /* Products */ = {
			isa = PBXGroup;
			children = (
				05EF8CD428DBC1F300BF45B0 /* DisneyTakeHomeProject.app */,
				05EF8CEA28DBC1F400BF45B0 /* DisneyTakeHomeProjectTests.xctest */,
				05EF8CF428DBC1F400BF45B0 /* DisneyTakeHomeProjectUITests.xctest */,
			);
			name = Products;
			sourceTree = "<group>";
		};
		05EF8CD628DBC1F300BF45B0 /* DisneyTakeHomeProject */ = {
			isa = PBXGroup;
			children = (
				05EF8D7028DE6C5700BF45B0 /* ImageLoader */,
				05EF8D2428DCCF7A00BF45B0 /* Mocks */,
				05EF8D6B28DE55BD00BF45B0 /* UITesting */,
				05EF8D1C28DCBF0E00BF45B0 /* Resources */,
				05EF8D1928DBD09700BF45B0 /* Model */,
				05EF8D1428DBCF2300BF45B0 /* ViewModel */,
				05EF8D1028DBCD6300BF45B0 /* Extensions */,
				05EF8D0D28DBC4E400BF45B0 /* Network */,
				05EF8D0828DBC41500BF45B0 /* ViewController */,
				05EF8CD728DBC1F300BF45B0 /* AppDelegate.swift */,
				05EF8CD928DBC1F300BF45B0 /* SceneDelegate.swift */,
				05EF8CE028DBC1F400BF45B0 /* Assets.xcassets */,
				05EF8CE228DBC1F400BF45B0 /* LaunchScreen.storyboard */,
				05EF8CE528DBC1F400BF45B0 /* Info.plist */,
			);
			path = DisneyTakeHomeProject;
			sourceTree = "<group>";
		};
		05EF8CED28DBC1F400BF45B0 /* DisneyTakeHomeProjectTests */ = {
			isa = PBXGroup;
			children = (
				05EF8D2328DCCF5F00BF45B0 /* ComicDetails */,
			);
			path = DisneyTakeHomeProjectTests;
			sourceTree = "<group>";
		};
		05EF8CF728DBC1F400BF45B0 /* DisneyTakeHomeProjectUITests */ = {
			isa = PBXGroup;
			children = (
				05EF8D2D28DCDEE200BF45B0 /* ComicDetailsSuccessUITests.swift */,
			);
			path = DisneyTakeHomeProjectUITests;
			sourceTree = "<group>";
		};
		05EF8D0828DBC41500BF45B0 /* ViewController */ = {
			isa = PBXGroup;
			children = (
				05EF8D0B28DBC42D00BF45B0 /* ComicDetailsViewController.swift */,
			);
			path = ViewController;
			sourceTree = "<group>";
		};
		05EF8D0D28DBC4E400BF45B0 /* Network */ = {
			isa = PBXGroup;
			children = (
				05EF8D0E28DBC4EC00BF45B0 /* NetworkingManager.swift */,
			);
			path = Network;
			sourceTree = "<group>";
		};
		05EF8D1028DBCD6300BF45B0 /* Extensions */ = {
			isa = PBXGroup;
			children = (
				05EF8D1128DBCD7900BF45B0 /* Extension+String.swift */,
				05EF8D2128DCCD1C00BF45B0 /* Extension+UIViewController.swift */,
			);
			path = Extensions;
			sourceTree = "<group>";
		};
		05EF8D1428DBCF2300BF45B0 /* ViewModel */ = {
			isa = PBXGroup;
			children = (
				05EF8D1F28DCC5D000BF45B0 /* ComicDetailsViewModel.swift */,
			);
			path = ViewModel;
			sourceTree = "<group>";
		};
		05EF8D1928DBD09700BF45B0 /* Model */ = {
			isa = PBXGroup;
			children = (
				05EF8D1A28DBD0FE00BF45B0 /* ComicsContainer.swift */,
			);
			path = Model;
			sourceTree = "<group>";
		};
		05EF8D1C28DCBF0E00BF45B0 /* Resources */ = {
			isa = PBXGroup;
			children = (
				05EF8D1D28DCBF1D00BF45B0 /* Symbols.swift */,
			);
			path = Resources;
			sourceTree = "<group>";
		};
		05EF8D2328DCCF5F00BF45B0 /* ComicDetails */ = {
			isa = PBXGroup;
			children = (
				05EF8D2928DCD2FA00BF45B0 /* ComicDetailsViewModelSuccessTests.swift */,
			);
			path = ComicDetails;
			sourceTree = "<group>";
		};
		05EF8D2428DCCF7A00BF45B0 /* Mocks */ = {
			isa = PBXGroup;
			children = (
				05EF8D6F28DE570100BF45B0 /* ComicDetails */,
			);
			path = Mocks;
			sourceTree = "<group>";
		};
		05EF8D6B28DE55BD00BF45B0 /* UITesting */ = {
			isa = PBXGroup;
			children = (
				05EF8D6C28DE55CE00BF45B0 /* UITestingHelper.swift */,
			);
			path = UITesting;
			sourceTree = "<group>";
		};
		05EF8D6F28DE570100BF45B0 /* ComicDetails */ = {
			isa = PBXGroup;
			children = (
				05EF8D2528DCCF9400BF45B0 /* NetworkingManagerComicSuccessMock.swift */,
			);
			path = ComicDetails;
			sourceTree = "<group>";
		};
		05EF8D7028DE6C5700BF45B0 /* ImageLoader */ = {
			isa = PBXGroup;
			children = (
				05EF8D7128DE6C6B00BF45B0 /* ImageLoaderManager.swift */,
			);
			path = ImageLoader;
			sourceTree = "<group>";
		};
/* End PBXGroup section */

/* Begin PBXNativeTarget section */
		05EF8CD328DBC1F300BF45B0 /* DisneyTakeHomeProject */ = {
			isa = PBXNativeTarget;
			buildConfigurationList = 05EF8CFE28DBC1F400BF45B0 /* Build configuration list for PBXNativeTarget "DisneyTakeHomeProject" */;
			buildPhases = (
				05EF8CD028DBC1F300BF45B0 /* Sources */,
				05EF8CD128DBC1F300BF45B0 /* Frameworks */,
				05EF8CD228DBC1F300BF45B0 /* Resources */,
			);
			buildRules = (
			);
			dependencies = (
			);
			name = DisneyTakeHomeProject;
			productName = DisneyTakeHomeProject;
			productReference = 05EF8CD428DBC1F300BF45B0 /* DisneyTakeHomeProject.app */;
			productType = "com.apple.product-type.application";
		};
		05EF8CE928DBC1F400BF45B0 /* DisneyTakeHomeProjectTests */ = {
			isa = PBXNativeTarget;
			buildConfigurationList = 05EF8D0128DBC1F400BF45B0 /* Build configuration list for PBXNativeTarget "DisneyTakeHomeProjectTests" */;
			buildPhases = (
				05EF8CE628DBC1F400BF45B0 /* Sources */,
				05EF8CE728DBC1F400BF45B0 /* Frameworks */,
				05EF8CE828DBC1F400BF45B0 /* Resources */,
			);
			buildRules = (
			);
			dependencies = (
				05EF8CEC28DBC1F400BF45B0 /* PBXTargetDependency */,
			);
			name = DisneyTakeHomeProjectTests;
			productName = DisneyTakeHomeProjectTests;
			productReference = 05EF8CEA28DBC1F400BF45B0 /* DisneyTakeHomeProjectTests.xctest */;
			productType = "com.apple.product-type.bundle.unit-test";
		};
		05EF8CF328DBC1F400BF45B0 /* DisneyTakeHomeProjectUITests */ = {
			isa = PBXNativeTarget;
			buildConfigurationList = 05EF8D0428DBC1F400BF45B0 /* Build configuration list for PBXNativeTarget "DisneyTakeHomeProjectUITests" */;
			buildPhases = (
				05EF8CF028DBC1F400BF45B0 /* Sources */,
				05EF8CF128DBC1F400BF45B0 /* Frameworks */,
				05EF8CF228DBC1F400BF45B0 /* Resources */,
			);
			buildRules = (
			);
			dependencies = (
				05EF8CF628DBC1F400BF45B0 /* PBXTargetDependency */,
			);
			name = DisneyTakeHomeProjectUITests;
			productName = DisneyTakeHomeProjectUITests;
			productReference = 05EF8CF428DBC1F400BF45B0 /* DisneyTakeHomeProjectUITests.xctest */;
			productType = "com.apple.product-type.bundle.ui-testing";
		};
/* End PBXNativeTarget section */

/* Begin PBXProject section */
		05EF8CCC28DBC1F300BF45B0 /* Project object */ = {
			isa = PBXProject;
			attributes = {
				BuildIndependentTargetsInParallel = 1;
				LastSwiftUpdateCheck = 1340;
				LastUpgradeCheck = 1340;
				TargetAttributes = {
					05EF8CD328DBC1F300BF45B0 = {
						CreatedOnToolsVersion = 13.4.1;
					};
					05EF8CE928DBC1F400BF45B0 = {
						CreatedOnToolsVersion = 13.4.1;
						LastSwiftMigration = 1340;
						TestTargetID = 05EF8CD328DBC1F300BF45B0;
					};
					05EF8CF328DBC1F400BF45B0 = {
						CreatedOnToolsVersion = 13.4.1;
						TestTargetID = 05EF8CD328DBC1F300BF45B0;
					};
				};
			};
			buildConfigurationList = 05EF8CCF28DBC1F300BF45B0 /* Build configuration list for PBXProject "DisneyTakeHomeProject" */;
			compatibilityVersion = "Xcode 13.0";
			developmentRegion = en;
			hasScannedForEncodings = 0;
			knownRegions = (
				en,
				Base,
			);
			mainGroup = 05EF8CCB28DBC1F300BF45B0;
			productRefGroup = 05EF8CD528DBC1F300BF45B0 /* Products */;
			projectDirPath = "";
			projectRoot = "";
			targets = (
				05EF8CD328DBC1F300BF45B0 /* DisneyTakeHomeProject */,
				05EF8CE928DBC1F400BF45B0 /* DisneyTakeHomeProjectTests */,
				05EF8CF328DBC1F400BF45B0 /* DisneyTakeHomeProjectUITests */,
			);
		};
/* End PBXProject section */

/* Begin PBXResourcesBuildPhase section */
		05EF8CD228DBC1F300BF45B0 /* Resources */ = {
			isa = PBXResourcesBuildPhase;
			buildActionMask = 2147483647;
			files = (
				05EF8CE428DBC1F400BF45B0 /* LaunchScreen.storyboard in Resources */,
				05EF8CE128DBC1F400BF45B0 /* Assets.xcassets in Resources */,
			);
			runOnlyForDeploymentPostprocessing = 0;
		};
		05EF8CE828DBC1F400BF45B0 /* Resources */ = {
			isa = PBXResourcesBuildPhase;
			buildActionMask = 2147483647;
			files = (
			);
			runOnlyForDeploymentPostprocessing = 0;
		};
		05EF8CF228DBC1F400BF45B0 /* Resources */ = {
			isa = PBXResourcesBuildPhase;
			buildActionMask = 2147483647;
			files = (
			);
			runOnlyForDeploymentPostprocessing = 0;
		};
/* End PBXResourcesBuildPhase section */

/* Begin PBXSourcesBuildPhase section */
		05EF8CD028DBC1F300BF45B0 /* Sources */ = {
			isa = PBXSourcesBuildPhase;
			buildActionMask = 2147483647;
			files = (
				05EF8D6E28DE56F300BF45B0 /* NetworkingManagerComicSuccessMock.swift in Sources */,
				05EF8CD828DBC1F300BF45B0 /* AppDelegate.swift in Sources */,
				05EF8D7228DE6C6B00BF45B0 /* ImageLoaderManager.swift in Sources */,
				05EF8D1B28DBD0FE00BF45B0 /* ComicsContainer.swift in Sources */,
				05EF8D1E28DCBF1D00BF45B0 /* Symbols.swift in Sources */,
				05EF8D1228DBCD7900BF45B0 /* Extension+String.swift in Sources */,
				05EF8D2028DCC5D000BF45B0 /* ComicDetailsViewModel.swift in Sources */,
				05EF8D6D28DE55CE00BF45B0 /* UITestingHelper.swift in Sources */,
				05EF8D2228DCCD1C00BF45B0 /* Extension+UIViewController.swift in Sources */,
				05EF8D0F28DBC4EC00BF45B0 /* NetworkingManager.swift in Sources */,
				05EF8D0C28DBC42D00BF45B0 /* ComicDetailsViewController.swift in Sources */,
				05EF8CDA28DBC1F300BF45B0 /* SceneDelegate.swift in Sources */,
			);
			runOnlyForDeploymentPostprocessing = 0;
		};
		05EF8CE628DBC1F400BF45B0 /* Sources */ = {
			isa = PBXSourcesBuildPhase;
			buildActionMask = 2147483647;
			files = (
				05EF8D2A28DCD2FA00BF45B0 /* ComicDetailsViewModelSuccessTests.swift in Sources */,
			);
			runOnlyForDeploymentPostprocessing = 0;
		};
		05EF8CF028DBC1F400BF45B0 /* Sources */ = {
			isa = PBXSourcesBuildPhase;
			buildActionMask = 2147483647;
			files = (
				05EF8D2E28DCDEE200BF45B0 /* ComicDetailsSuccessUITests.swift in Sources */,
			);
			runOnlyForDeploymentPostprocessing = 0;
		};
/* End PBXSourcesBuildPhase section */

/* Begin PBXTargetDependency section */
		05EF8CEC28DBC1F400BF45B0 /* PBXTargetDependency */ = {
			isa = PBXTargetDependency;
			target = 05EF8CD328DBC1F300BF45B0 /* DisneyTakeHomeProject */;
			targetProxy = 05EF8CEB28DBC1F400BF45B0 /* PBXContainerItemProxy */;
		};
		05EF8CF628DBC1F400BF45B0 /* PBXTargetDependency */ = {
			isa = PBXTargetDependency;
			target = 05EF8CD328DBC1F300BF45B0 /* DisneyTakeHomeProject */;
			targetProxy = 05EF8CF528DBC1F400BF45B0 /* PBXContainerItemProxy */;
		};
/* End PBXTargetDependency section */

/* Begin PBXVariantGroup section */
		05EF8CE228DBC1F400BF45B0 /* LaunchScreen.storyboard */ = {
			isa = PBXVariantGroup;
			children = (
				05EF8CE328DBC1F400BF45B0 /* Base */,
			);
			name = LaunchScreen.storyboard;
			sourceTree = "<group>";
		};
/* End PBXVariantGroup section */

/* Begin XCBuildConfiguration section */
		05EF8CFC28DBC1F400BF45B0 /* Debug */ = {
			isa = XCBuildConfiguration;
			buildSettings = {
				ALWAYS_SEARCH_USER_PATHS = NO;
				CLANG_ANALYZER_NONNULL = YES;
				CLANG_ANALYZER_NUMBER_OBJECT_CONVERSION = YES_AGGRESSIVE;
				CLANG_CXX_LANGUAGE_STANDARD = "gnu++17";
				CLANG_ENABLE_MODULES = YES;
				CLANG_ENABLE_OBJC_ARC = YES;
				CLANG_ENABLE_OBJC_WEAK = YES;
				CLANG_WARN_BLOCK_CAPTURE_AUTORELEASING = YES;
				CLANG_WARN_BOOL_CONVERSION = YES;
				CLANG_WARN_COMMA = YES;
				CLANG_WARN_CONSTANT_CONVERSION = YES;
				CLANG_WARN_DEPRECATED_OBJC_IMPLEMENTATIONS = YES;
				CLANG_WARN_DIRECT_OBJC_ISA_USAGE = YES_ERROR;
				CLANG_WARN_DOCUMENTATION_COMMENTS = YES;
				CLANG_WARN_EMPTY_BODY = YES;
				CLANG_WARN_ENUM_CONVERSION = YES;
				CLANG_WARN_INFINITE_RECURSION = YES;
				CLANG_WARN_INT_CONVERSION = YES;
				CLANG_WARN_NON_LITERAL_NULL_CONVERSION = YES;
				CLANG_WARN_OBJC_IMPLICIT_RETAIN_SELF = YES;
				CLANG_WARN_OBJC_LITERAL_CONVERSION = YES;
				CLANG_WARN_OBJC_ROOT_CLASS = YES_ERROR;
				CLANG_WARN_QUOTED_INCLUDE_IN_FRAMEWORK_HEADER = YES;
				CLANG_WARN_RANGE_LOOP_ANALYSIS = YES;
				CLANG_WARN_STRICT_PROTOTYPES = YES;
				CLANG_WARN_SUSPICIOUS_MOVE = YES;
				CLANG_WARN_UNGUARDED_AVAILABILITY = YES_AGGRESSIVE;
				CLANG_WARN_UNREACHABLE_CODE = YES;
				CLANG_WARN__DUPLICATE_METHOD_MATCH = YES;
				COPY_PHASE_STRIP = NO;
				DEBUG_INFORMATION_FORMAT = dwarf;
				ENABLE_STRICT_OBJC_MSGSEND = YES;
				ENABLE_TESTABILITY = YES;
				GCC_C_LANGUAGE_STANDARD = gnu11;
				GCC_DYNAMIC_NO_PIC = NO;
				GCC_NO_COMMON_BLOCKS = YES;
				GCC_OPTIMIZATION_LEVEL = 0;
				GCC_PREPROCESSOR_DEFINITIONS = (
					"DEBUG=1",
					"$(inherited)",
				);
				GCC_WARN_64_TO_32_BIT_CONVERSION = YES;
				GCC_WARN_ABOUT_RETURN_TYPE = YES_ERROR;
				GCC_WARN_UNDECLARED_SELECTOR = YES;
				GCC_WARN_UNINITIALIZED_AUTOS = YES_AGGRESSIVE;
				GCC_WARN_UNUSED_FUNCTION = YES;
				GCC_WARN_UNUSED_VARIABLE = YES;
				IPHONEOS_DEPLOYMENT_TARGET = 15.5;
				MTL_ENABLE_DEBUG_INFO = INCLUDE_SOURCE;
				MTL_FAST_MATH = YES;
				ONLY_ACTIVE_ARCH = YES;
				SDKROOT = iphoneos;
				SWIFT_ACTIVE_COMPILATION_CONDITIONS = DEBUG;
				SWIFT_OPTIMIZATION_LEVEL = "-Onone";
			};
			name = Debug;
		};
		05EF8CFD28DBC1F400BF45B0 /* Release */ = {
			isa = XCBuildConfiguration;
			buildSettings = {
				ALWAYS_SEARCH_USER_PATHS = NO;
				CLANG_ANALYZER_NONNULL = YES;
				CLANG_ANALYZER_NUMBER_OBJECT_CONVERSION = YES_AGGRESSIVE;
				CLANG_CXX_LANGUAGE_STANDARD = "gnu++17";
				CLANG_ENABLE_MODULES = YES;
				CLANG_ENABLE_OBJC_ARC = YES;
				CLANG_ENABLE_OBJC_WEAK = YES;
				CLANG_WARN_BLOCK_CAPTURE_AUTORELEASING = YES;
				CLANG_WARN_BOOL_CONVERSION = YES;
				CLANG_WARN_COMMA = YES;
				CLANG_WARN_CONSTANT_CONVERSION = YES;
				CLANG_WARN_DEPRECATED_OBJC_IMPLEMENTATIONS = YES;
				CLANG_WARN_DIRECT_OBJC_ISA_USAGE = YES_ERROR;
				CLANG_WARN_DOCUMENTATION_COMMENTS = YES;
				CLANG_WARN_EMPTY_BODY = YES;
				CLANG_WARN_ENUM_CONVERSION = YES;
				CLANG_WARN_INFINITE_RECURSION = YES;
				CLANG_WARN_INT_CONVERSION = YES;
				CLANG_WARN_NON_LITERAL_NULL_CONVERSION = YES;
				CLANG_WARN_OBJC_IMPLICIT_RETAIN_SELF = YES;
				CLANG_WARN_OBJC_LITERAL_CONVERSION = YES;
				CLANG_WARN_OBJC_ROOT_CLASS = YES_ERROR;
				CLANG_WARN_QUOTED_INCLUDE_IN_FRAMEWORK_HEADER = YES;
				CLANG_WARN_RANGE_LOOP_ANALYSIS = YES;
				CLANG_WARN_STRICT_PROTOTYPES = YES;
				CLANG_WARN_SUSPICIOUS_MOVE = YES;
				CLANG_WARN_UNGUARDED_AVAILABILITY = YES_AGGRESSIVE;
				CLANG_WARN_UNREACHABLE_CODE = YES;
				CLANG_WARN__DUPLICATE_METHOD_MATCH = YES;
				COPY_PHASE_STRIP = NO;
				DEBUG_INFORMATION_FORMAT = "dwarf-with-dsym";
				ENABLE_NS_ASSERTIONS = NO;
				ENABLE_STRICT_OBJC_MSGSEND = YES;
				GCC_C_LANGUAGE_STANDARD = gnu11;
				GCC_NO_COMMON_BLOCKS = YES;
				GCC_WARN_64_TO_32_BIT_CONVERSION = YES;
				GCC_WARN_ABOUT_RETURN_TYPE = YES_ERROR;
				GCC_WARN_UNDECLARED_SELECTOR = YES;
				GCC_WARN_UNINITIALIZED_AUTOS = YES_AGGRESSIVE;
				GCC_WARN_UNUSED_FUNCTION = YES;
				GCC_WARN_UNUSED_VARIABLE = YES;
				IPHONEOS_DEPLOYMENT_TARGET = 15.5;
				MTL_ENABLE_DEBUG_INFO = NO;
				MTL_FAST_MATH = YES;
				SDKROOT = iphoneos;
				SWIFT_COMPILATION_MODE = wholemodule;
				SWIFT_OPTIMIZATION_LEVEL = "-O";
				VALIDATE_PRODUCT = YES;
			};
			name = Release;
		};
		05EF8CFF28DBC1F400BF45B0 /* Debug */ = {
			isa = XCBuildConfiguration;
			buildSettings = {
				ASSETCATALOG_COMPILER_APPICON_NAME = AppIcon;
				ASSETCATALOG_COMPILER_GLOBAL_ACCENT_COLOR_NAME = AccentColor;
				CODE_SIGN_STYLE = Automatic;
				CURRENT_PROJECT_VERSION = 1;
				GENERATE_INFOPLIST_FILE = YES;
				INFOPLIST_FILE = DisneyTakeHomeProject/Info.plist;
				INFOPLIST_KEY_UIApplicationSupportsIndirectInputEvents = YES;
				INFOPLIST_KEY_UILaunchStoryboardName = LaunchScreen;
				INFOPLIST_KEY_UISupportedInterfaceOrientations = "UIInterfaceOrientationPortrait UIInterfaceOrientationLandscapeLeft UIInterfaceOrientationLandscapeRight";
				INFOPLIST_KEY_UISupportedInterfaceOrientations_iPad = "UIInterfaceOrientationPortrait UIInterfaceOrientationPortraitUpsideDown UIInterfaceOrientationLandscapeLeft UIInterfaceOrientationLandscapeRight";
				INFOPLIST_KEY_UISupportedInterfaceOrientations_iPhone = "UIInterfaceOrientationPortrait UIInterfaceOrientationLandscapeLeft UIInterfaceOrientationLandscapeRight";
				LD_RUNPATH_SEARCH_PATHS = (
					"$(inherited)",
					"@executable_path/Frameworks",
				);
				MARKETING_VERSION = 1.0;
				PRODUCT_BUNDLE_IDENTIFIER = Chang.DisneyTakeHomeProject;
				PRODUCT_NAME = "$(TARGET_NAME)";
				SWIFT_EMIT_LOC_STRINGS = YES;
				SWIFT_VERSION = 5.0;
				TARGETED_DEVICE_FAMILY = 1;
			};
			name = Debug;
		};
		05EF8D0028DBC1F400BF45B0 /* Release */ = {
			isa = XCBuildConfiguration;
			buildSettings = {
				ASSETCATALOG_COMPILER_APPICON_NAME = AppIcon;
				ASSETCATALOG_COMPILER_GLOBAL_ACCENT_COLOR_NAME = AccentColor;
				CODE_SIGN_STYLE = Automatic;
				CURRENT_PROJECT_VERSION = 1;
				GENERATE_INFOPLIST_FILE = YES;
				INFOPLIST_FILE = DisneyTakeHomeProject/Info.plist;
				INFOPLIST_KEY_UIApplicationSupportsIndirectInputEvents = YES;
				INFOPLIST_KEY_UILaunchStoryboardName = LaunchScreen;
				INFOPLIST_KEY_UISupportedInterfaceOrientations = "UIInterfaceOrientationPortrait UIInterfaceOrientationLandscapeLeft UIInterfaceOrientationLandscapeRight";
				INFOPLIST_KEY_UISupportedInterfaceOrientations_iPad = "UIInterfaceOrientationPortrait UIInterfaceOrientationPortraitUpsideDown UIInterfaceOrientationLandscapeLeft UIInterfaceOrientationLandscapeRight";
				INFOPLIST_KEY_UISupportedInterfaceOrientations_iPhone = "UIInterfaceOrientationPortrait UIInterfaceOrientationLandscapeLeft UIInterfaceOrientationLandscapeRight";
				LD_RUNPATH_SEARCH_PATHS = (
					"$(inherited)",
					"@executable_path/Frameworks",
				);
				MARKETING_VERSION = 1.0;
				PRODUCT_BUNDLE_IDENTIFIER = Chang.DisneyTakeHomeProject;
				PRODUCT_NAME = "$(TARGET_NAME)";
				SWIFT_EMIT_LOC_STRINGS = YES;
				SWIFT_VERSION = 5.0;
				TARGETED_DEVICE_FAMILY = 1;
			};
			name = Release;
		};
		05EF8D0228DBC1F400BF45B0 /* Debug */ = {
			isa = XCBuildConfiguration;
			buildSettings = {
				ALWAYS_EMBED_SWIFT_STANDARD_LIBRARIES = YES;
				BUNDLE_LOADER = "$(TEST_HOST)";
				CLANG_ENABLE_MODULES = YES;
				CODE_SIGN_STYLE = Automatic;
				CURRENT_PROJECT_VERSION = 1;
				GENERATE_INFOPLIST_FILE = YES;
				IPHONEOS_DEPLOYMENT_TARGET = 15.5;
				LD_RUNPATH_SEARCH_PATHS = (
					"$(inherited)",
					"@executable_path/Frameworks",
					"@loader_path/Frameworks",
				);
				MARKETING_VERSION = 1.0;
				PRODUCT_BUNDLE_IDENTIFIER = Chang.DisneyTakeHomeProjectTests;
				PRODUCT_NAME = "$(TARGET_NAME)";
				SWIFT_EMIT_LOC_STRINGS = NO;
				SWIFT_OPTIMIZATION_LEVEL = "-Onone";
				SWIFT_VERSION = 5.0;
				TARGETED_DEVICE_FAMILY = "1,2";
				TEST_HOST = "$(BUILT_PRODUCTS_DIR)/DisneyTakeHomeProject.app/DisneyTakeHomeProject";
			};
			name = Debug;
		};
		05EF8D0328DBC1F400BF45B0 /* Release */ = {
			isa = XCBuildConfiguration;
			buildSettings = {
				ALWAYS_EMBED_SWIFT_STANDARD_LIBRARIES = YES;
				BUNDLE_LOADER = "$(TEST_HOST)";
				CLANG_ENABLE_MODULES = YES;
				CODE_SIGN_STYLE = Automatic;
				CURRENT_PROJECT_VERSION = 1;
				GENERATE_INFOPLIST_FILE = YES;
				IPHONEOS_DEPLOYMENT_TARGET = 15.5;
				LD_RUNPATH_SEARCH_PATHS = (
					"$(inherited)",
					"@executable_path/Frameworks",
					"@loader_path/Frameworks",
				);
				MARKETING_VERSION = 1.0;
				PRODUCT_BUNDLE_IDENTIFIER = Chang.DisneyTakeHomeProjectTests;
				PRODUCT_NAME = "$(TARGET_NAME)";
				SWIFT_EMIT_LOC_STRINGS = NO;
				SWIFT_VERSION = 5.0;
				TARGETED_DEVICE_FAMILY = "1,2";
				TEST_HOST = "$(BUILT_PRODUCTS_DIR)/DisneyTakeHomeProject.app/DisneyTakeHomeProject";
			};
			name = Release;
		};
		05EF8D0528DBC1F400BF45B0 /* Debug */ = {
			isa = XCBuildConfiguration;
			buildSettings = {
				ALWAYS_EMBED_SWIFT_STANDARD_LIBRARIES = YES;
				CODE_SIGN_STYLE = Automatic;
				CURRENT_PROJECT_VERSION = 1;
				GENERATE_INFOPLIST_FILE = YES;
				MARKETING_VERSION = 1.0;
				PRODUCT_BUNDLE_IDENTIFIER = Chang.DisneyTakeHomeProjectUITests;
				PRODUCT_NAME = "$(TARGET_NAME)";
				SWIFT_EMIT_LOC_STRINGS = NO;
				SWIFT_VERSION = 5.0;
				TARGETED_DEVICE_FAMILY = "1,2";
				TEST_TARGET_NAME = DisneyTakeHomeProject;
			};
			name = Debug;
		};
		05EF8D0628DBC1F400BF45B0 /* Release */ = {
			isa = XCBuildConfiguration;
			buildSettings = {
				ALWAYS_EMBED_SWIFT_STANDARD_LIBRARIES = YES;
				CODE_SIGN_STYLE = Automatic;
				CURRENT_PROJECT_VERSION = 1;
				GENERATE_INFOPLIST_FILE = YES;
				MARKETING_VERSION = 1.0;
				PRODUCT_BUNDLE_IDENTIFIER = Chang.DisneyTakeHomeProjectUITests;
				PRODUCT_NAME = "$(TARGET_NAME)";
				SWIFT_EMIT_LOC_STRINGS = NO;
				SWIFT_VERSION = 5.0;
				TARGETED_DEVICE_FAMILY = "1,2";
				TEST_TARGET_NAME = DisneyTakeHomeProject;
			};
			name = Release;
		};
/* End XCBuildConfiguration section */

/* Begin XCConfigurationList section */
		05EF8CCF28DBC1F300BF45B0 /* Build configuration list for PBXProject "DisneyTakeHomeProject" */ = {
			isa = XCConfigurationList;
			buildConfigurations = (
				05EF8CFC28DBC1F400BF45B0 /* Debug */,
				05EF8CFD28DBC1F400BF45B0 /* Release */,
			);
			defaultConfigurationIsVisible = 0;
			defaultConfigurationName = Release;
		};
		05EF8CFE28DBC1F400BF45B0 /* Build configuration list for PBXNativeTarget "DisneyTakeHomeProject" */ = {
			isa = XCConfigurationList;
			buildConfigurations = (
				05EF8CFF28DBC1F400BF45B0 /* Debug */,
				05EF8D0028DBC1F400BF45B0 /* Release */,
			);
			defaultConfigurationIsVisible = 0;
			defaultConfigurationName = Release;
		};
		05EF8D0128DBC1F400BF45B0 /* Build configuration list for PBXNativeTarget "DisneyTakeHomeProjectTests" */ = {
			isa = XCConfigurationList;
			buildConfigurations = (
				05EF8D0228DBC1F400BF45B0 /* Debug */,
				05EF8D0328DBC1F400BF45B0 /* Release */,
			);
			defaultConfigurationIsVisible = 0;
			defaultConfigurationName = Release;
		};
		05EF8D0428DBC1F400BF45B0 /* Build configuration list for PBXNativeTarget "DisneyTakeHomeProjectUITests" */ = {
			isa = XCConfigurationList;
			buildConfigurations = (
				05EF8D0528DBC1F400BF45B0 /* Debug */,
				05EF8D0628DBC1F400BF45B0 /* Release */,
			);
			defaultConfigurationIsVisible = 0;
			defaultConfigurationName = Release;
		};
/* End XCConfigurationList section */
	};
	rootObject = 05EF8CCC28DBC1F300BF45B0 /* Project object */;
}
